// !$*UTF8*$!
{
	archiveVersion = 1;
	classes = {
	};
	objectVersion = 50;
	objects = {

/* Begin PBXBuildFile section */
		83250FA3253F413000D4D3A9 /* AppDelegate.swift in Sources */ = {isa = PBXBuildFile; fileRef = 83250FA2253F413000D4D3A9 /* AppDelegate.swift */; };
		83250FA5253F413000D4D3A9 /* SceneDelegate.swift in Sources */ = {isa = PBXBuildFile; fileRef = 83250FA4253F413000D4D3A9 /* SceneDelegate.swift */; };
		83250FA7253F413000D4D3A9 /* ViewController.swift in Sources */ = {isa = PBXBuildFile; fileRef = 83250FA6253F413000D4D3A9 /* ViewController.swift */; };
		83250FAA253F413000D4D3A9 /* Main.storyboard in Resources */ = {isa = PBXBuildFile; fileRef = 83250FA8253F413000D4D3A9 /* Main.storyboard */; };
		83250FAC253F413400D4D3A9 /* Assets.xcassets in Resources */ = {isa = PBXBuildFile; fileRef = 83250FAB253F413400D4D3A9 /* Assets.xcassets */; };
		83250FAF253F413400D4D3A9 /* LaunchScreen.storyboard in Resources */ = {isa = PBXBuildFile; fileRef = 83250FAD253F413400D4D3A9 /* LaunchScreen.storyboard */; };
		83250FBA253F413400D4D3A9 /* ParstagramTests.swift in Sources */ = {isa = PBXBuildFile; fileRef = 83250FB9253F413400D4D3A9 /* ParstagramTests.swift */; };
		83250FC5253F413400D4D3A9 /* ParstagramUITests.swift in Sources */ = {isa = PBXBuildFile; fileRef = 83250FC4253F413400D4D3A9 /* ParstagramUITests.swift */; };
/* End PBXBuildFile section */

/* Begin PBXContainerItemProxy section */
		83250FB6253F413400D4D3A9 /* PBXContainerItemProxy */ = {
			isa = PBXContainerItemProxy;
			containerPortal = 83250F97253F413000D4D3A9 /* Project object */;
			proxyType = 1;
			remoteGlobalIDString = 83250F9E253F413000D4D3A9;
			remoteInfo = Parstagram;
		};
		83250FC1253F413400D4D3A9 /* PBXContainerItemProxy */ = {
			isa = PBXContainerItemProxy;
			containerPortal = 83250F97253F413000D4D3A9 /* Project object */;
			proxyType = 1;
			remoteGlobalIDString = 83250F9E253F413000D4D3A9;
			remoteInfo = Parstagram;
		};
/* End PBXContainerItemProxy section */

/* Begin PBXFileReference section */
		83250F9F253F413000D4D3A9 /* Parstagram.app */ = {isa = PBXFileReference; explicitFileType = wrapper.application; includeInIndex = 0; path = Parstagram.app; sourceTree = BUILT_PRODUCTS_DIR; };
		83250FA2253F413000D4D3A9 /* AppDelegate.swift */ = {isa = PBXFileReference; lastKnownFileType = sourcecode.swift; path = AppDelegate.swift; sourceTree = "<group>"; };
		83250FA4253F413000D4D3A9 /* SceneDelegate.swift */ = {isa = PBXFileReference; lastKnownFileType = sourcecode.swift; path = SceneDelegate.swift; sourceTree = "<group>"; };
		83250FA6253F413000D4D3A9 /* ViewController.swift */ = {isa = PBXFileReference; lastKnownFileType = sourcecode.swift; path = ViewController.swift; sourceTree = "<group>"; };
		83250FA9253F413000D4D3A9 /* Base */ = {isa = PBXFileReference; lastKnownFileType = file.storyboard; name = Base; path = Base.lproj/Main.storyboard; sourceTree = "<group>"; };
		83250FAB253F413400D4D3A9 /* Assets.xcassets */ = {isa = PBXFileReference; lastKnownFileType = folder.assetcatalog; path = Assets.xcassets; sourceTree = "<group>"; };
		83250FAE253F413400D4D3A9 /* Base */ = {isa = PBXFileReference; lastKnownFileType = file.storyboard; name = Base; path = Base.lproj/LaunchScreen.storyboard; sourceTree = "<group>"; };
		83250FB0253F413400D4D3A9 /* Info.plist */ = {isa = PBXFileReference; lastKnownFileType = text.plist.xml; path = Info.plist; sourceTree = "<group>"; };
		83250FB5253F413400D4D3A9 /* ParstagramTests.xctest */ = {isa = PBXFileReference; explicitFileType = wrapper.cfbundle; includeInIndex = 0; path = ParstagramTests.xctest; sourceTree = BUILT_PRODUCTS_DIR; };
		83250FB9253F413400D4D3A9 /* ParstagramTests.swift */ = {isa = PBXFileReference; lastKnownFileType = sourcecode.swift; path = ParstagramTests.swift; sourceTree = "<group>"; };
		83250FBB253F413400D4D3A9 /* Info.plist */ = {isa = PBXFileReference; lastKnownFileType = text.plist.xml; path = Info.plist; sourceTree = "<group>"; };
		83250FC0253F413400D4D3A9 /* ParstagramUITests.xctest */ = {isa = PBXFileReference; explicitFileType = wrapper.cfbundle; includeInIndex = 0; path = ParstagramUITests.xctest; sourceTree = BUILT_PRODUCTS_DIR; };
		83250FC4253F413400D4D3A9 /* ParstagramUITests.swift */ = {isa = PBXFileReference; lastKnownFileType = sourcecode.swift; path = ParstagramUITests.swift; sourceTree = "<group>"; };
		83250FC6253F413400D4D3A9 /* Info.plist */ = {isa = PBXFileReference; lastKnownFileType = text.plist.xml; path = Info.plist; sourceTree = "<group>"; };
/* End PBXFileReference section */

/* Begin PBXFrameworksBuildPhase section */
		83250F9C253F413000D4D3A9 /* Frameworks */ = {
			isa = PBXFrameworksBuildPhase;
			buildActionMask = 2147483647;
			files = (
			);
			runOnlyForDeploymentPostprocessing = 0;
		};
		83250FB2253F413400D4D3A9 /* Frameworks */ = {
			isa = PBXFrameworksBuildPhase;
			buildActionMask = 2147483647;
			files = (
			);
			runOnlyForDeploymentPostprocessing = 0;
		};
		83250FBD253F413400D4D3A9 /* Frameworks */ = {
			isa = PBXFrameworksBuildPhase;
			buildActionMask = 2147483647;
			files = (
			);
			runOnlyForDeploymentPostprocessing = 0;
		};
/* End PBXFrameworksBuildPhase section */

/* Begin PBXGroup section */
		83250F96253F413000D4D3A9 = {
			isa = PBXGroup;
			children = (
				83250FA1253F413000D4D3A9 /* Parstagram */,
				83250FB8253F413400D4D3A9 /* ParstagramTests */,
				83250FC3253F413400D4D3A9 /* ParstagramUITests */,
				83250FA0253F413000D4D3A9 /* Products */,
			);
			sourceTree = "<group>";
		};
		83250FA0253F413000D4D3A9 /* Products */ = {
			isa = PBXGroup;
			children = (
				83250F9F253F413000D4D3A9 /* Parstagram.app */,
				83250FB5253F413400D4D3A9 /* ParstagramTests.xctest */,
				83250FC0253F413400D4D3A9 /* ParstagramUITests.xctest */,
			);
			name = Products;
			sourceTree = "<group>";
		};
		83250FA1253F413000D4D3A9 /* Parstagram */ = {
			isa = PBXGroup;
			children = (
				83250FA2253F413000D4D3A9 /* AppDelegate.swift */,
				83250FA4253F413000D4D3A9 /* SceneDelegate.swift */,
				83250FA6253F413000D4D3A9 /* ViewController.swift */,
				83250FA8253F413000D4D3A9 /* Main.storyboard */,
				83250FAB253F413400D4D3A9 /* Assets.xcassets */,
				83250FAD253F413400D4D3A9 /* LaunchScreen.storyboard */,
				83250FB0253F413400D4D3A9 /* Info.plist */,
			);
			path = Parstagram;
			sourceTree = "<group>";
		};
		83250FB8253F413400D4D3A9 /* ParstagramTests */ = {
			isa = PBXGroup;
			children = (
				83250FB9253F413400D4D3A9 /* ParstagramTests.swift */,
				83250FBB253F413400D4D3A9 /* Info.plist */,
			);
			path = ParstagramTests;
			sourceTree = "<group>";
		};
		83250FC3253F413400D4D3A9 /* ParstagramUITests */ = {
			isa = PBXGroup;
			children = (
				83250FC4253F413400D4D3A9 /* ParstagramUITests.swift */,
				83250FC6253F413400D4D3A9 /* Info.plist */,
			);
			path = ParstagramUITests;
			sourceTree = "<group>";
		};
/* End PBXGroup section */

/* Begin PBXNativeTarget section */
		83250F9E253F413000D4D3A9 /* Parstagram */ = {
			isa = PBXNativeTarget;
			buildConfigurationList = 83250FC9253F413400D4D3A9 /* Build configuration list for PBXNativeTarget "Parstagram" */;
			buildPhases = (
				83250F9B253F413000D4D3A9 /* Sources */,
				83250F9C253F413000D4D3A9 /* Frameworks */,
				83250F9D253F413000D4D3A9 /* Resources */,
			);
			buildRules = (
			);
			dependencies = (
			);
			name = Parstagram;
			productName = Parstagram;
			productReference = 83250F9F253F413000D4D3A9 /* Parstagram.app */;
			productType = "com.apple.product-type.application";
		};
		83250FB4253F413400D4D3A9 /* ParstagramTests */ = {
			isa = PBXNativeTarget;
			buildConfigurationList = 83250FCC253F413400D4D3A9 /* Build configuration list for PBXNativeTarget "ParstagramTests" */;
			buildPhases = (
				83250FB1253F413400D4D3A9 /* Sources */,
				83250FB2253F413400D4D3A9 /* Frameworks */,
				83250FB3253F413400D4D3A9 /* Resources */,
			);
			buildRules = (
			);
			dependencies = (
				83250FB7253F413400D4D3A9 /* PBXTargetDependency */,
			);
			name = ParstagramTests;
			productName = ParstagramTests;
			productReference = 83250FB5253F413400D4D3A9 /* ParstagramTests.xctest */;
			productType = "com.apple.product-type.bundle.unit-test";
		};
		83250FBF253F413400D4D3A9 /* ParstagramUITests */ = {
			isa = PBXNativeTarget;
			buildConfigurationList = 83250FCF253F413400D4D3A9 /* Build configuration list for PBXNativeTarget "ParstagramUITests" */;
			buildPhases = (
				83250FBC253F413400D4D3A9 /* Sources */,
				83250FBD253F413400D4D3A9 /* Frameworks */,
				83250FBE253F413400D4D3A9 /* Resources */,
			);
			buildRules = (
			);
			dependencies = (
				83250FC2253F413400D4D3A9 /* PBXTargetDependency */,
			);
			name = ParstagramUITests;
			productName = ParstagramUITests;
			productReference = 83250FC0253F413400D4D3A9 /* ParstagramUITests.xctest */;
			productType = "com.apple.product-type.bundle.ui-testing";
		};
/* End PBXNativeTarget section */

/* Begin PBXProject section */
		83250F97253F413000D4D3A9 /* Project object */ = {
			isa = PBXProject;
			attributes = {
				LastSwiftUpdateCheck = 1200;
				LastUpgradeCheck = 1200;
				TargetAttributes = {
					83250F9E253F413000D4D3A9 = {
						CreatedOnToolsVersion = 12.0.1;
					};
					83250FB4253F413400D4D3A9 = {
						CreatedOnToolsVersion = 12.0.1;
						TestTargetID = 83250F9E253F413000D4D3A9;
					};
					83250FBF253F413400D4D3A9 = {
						CreatedOnToolsVersion = 12.0.1;
						TestTargetID = 83250F9E253F413000D4D3A9;
					};
				};
			};
			buildConfigurationList = 83250F9A253F413000D4D3A9 /* Build configuration list for PBXProject "Parstagram" */;
			compatibilityVersion = "Xcode 9.3";
			developmentRegion = en;
			hasScannedForEncodings = 0;
			knownRegions = (
				en,
				Base,
			);
			mainGroup = 83250F96253F413000D4D3A9;
			productRefGroup = 83250FA0253F413000D4D3A9 /* Products */;
			projectDirPath = "";
			projectRoot = "";
			targets = (
				83250F9E253F413000D4D3A9 /* Parstagram */,
				83250FB4253F413400D4D3A9 /* ParstagramTests */,
				83250FBF253F413400D4D3A9 /* ParstagramUITests */,
			);
		};
/* End PBXProject section */

/* Begin PBXResourcesBuildPhase section */
		83250F9D253F413000D4D3A9 /* Resources */ = {
			isa = PBXResourcesBuildPhase;
			buildActionMask = 2147483647;
			files = (
				83250FAF253F413400D4D3A9 /* LaunchScreen.storyboard in Resources */,
				83250FAC253F413400D4D3A9 /* Assets.xcassets in Resources */,
				83250FAA253F413000D4D3A9 /* Main.storyboard in Resources */,
			);
			runOnlyForDeploymentPostprocessing = 0;
		};
		83250FB3253F413400D4D3A9 /* Resources */ = {
			isa = PBXResourcesBuildPhase;
			buildActionMask = 2147483647;
			files = (
			);
			runOnlyForDeploymentPostprocessing = 0;
		};
		83250FBE253F413400D4D3A9 /* Resources */ = {
			isa = PBXResourcesBuildPhase;
			buildActionMask = 2147483647;
			files = (
			);
			runOnlyForDeploymentPostprocessing = 0;
		};
/* End PBXResourcesBuildPhase section */

/* Begin PBXSourcesBuildPhase section */
		83250F9B253F413000D4D3A9 /* Sources */ = {
			isa = PBXSourcesBuildPhase;
			buildActionMask = 2147483647;
			files = (
				83250FA7253F413000D4D3A9 /* ViewController.swift in Sources */,
				83250FA3253F413000D4D3A9 /* AppDelegate.swift in Sources */,
				83250FA5253F413000D4D3A9 /* SceneDelegate.swift in Sources */,
			);
			runOnlyForDeploymentPostprocessing = 0;
		};
		83250FB1253F413400D4D3A9 /* Sources */ = {
			isa = PBXSourcesBuildPhase;
			buildActionMask = 2147483647;
			files = (
				83250FBA253F413400D4D3A9 /* ParstagramTests.swift in Sources */,
			);
			runOnlyForDeploymentPostprocessing = 0;
		};
		83250FBC253F413400D4D3A9 /* Sources */ = {
			isa = PBXSourcesBuildPhase;
			buildActionMask = 2147483647;
			files = (
				83250FC5253F413400D4D3A9 /* ParstagramUITests.swift in Sources */,
			);
			runOnlyForDeploymentPostprocessing = 0;
		};
/* End PBXSourcesBuildPhase section */

/* Begin PBXTargetDependency section */
		83250FB7253F413400D4D3A9 /* PBXTargetDependency */ = {
			isa = PBXTargetDependency;
			target = 83250F9E253F413000D4D3A9 /* Parstagram */;
			targetProxy = 83250FB6253F413400D4D3A9 /* PBXContainerItemProxy */;
		};
		83250FC2253F413400D4D3A9 /* PBXTargetDependency */ = {
			isa = PBXTargetDependency;
			target = 83250F9E253F413000D4D3A9 /* Parstagram */;
			targetProxy = 83250FC1253F413400D4D3A9 /* PBXContainerItemProxy */;
		};
/* End PBXTargetDependency section */

/* Begin PBXVariantGroup section */
		83250FA8253F413000D4D3A9 /* Main.storyboard */ = {
			isa = PBXVariantGroup;
			children = (
				83250FA9253F413000D4D3A9 /* Base */,
			);
			name = Main.storyboard;
			sourceTree = "<group>";
		};
		83250FAD253F413400D4D3A9 /* LaunchScreen.storyboard */ = {
			isa = PBXVariantGroup;
			children = (
				83250FAE253F413400D4D3A9 /* Base */,
			);
			name = LaunchScreen.storyboard;
			sourceTree = "<group>";
		};
/* End PBXVariantGroup section */

/* Begin XCBuildConfiguration section */
		83250FC7253F413400D4D3A9 /* Debug */ = {
			isa = XCBuildConfiguration;
			buildSettings = {
				ALWAYS_SEARCH_USER_PATHS = NO;
				CLANG_ANALYZER_NONNULL = YES;
				CLANG_ANALYZER_NUMBER_OBJECT_CONVERSION = YES_AGGRESSIVE;
				CLANG_CXX_LANGUAGE_STANDARD = "gnu++14";
				CLANG_CXX_LIBRARY = "libc++";
				CLANG_ENABLE_MODULES = YES;
				CLANG_ENABLE_OBJC_ARC = YES;
				CLANG_ENABLE_OBJC_WEAK = YES;
				CLANG_WARN_BLOCK_CAPTURE_AUTORELEASING = YES;
				CLANG_WARN_BOOL_CONVERSION = YES;
				CLANG_WARN_COMMA = YES;
				CLANG_WARN_CONSTANT_CONVERSION = YES;
				CLANG_WARN_DEPRECATED_OBJC_IMPLEMENTATIONS = YES;
				CLANG_WARN_DIRECT_OBJC_ISA_USAGE = YES_ERROR;
				CLANG_WARN_DOCUMENTATION_COMMENTS = YES;
				CLANG_WARN_EMPTY_BODY = YES;
				CLANG_WARN_ENUM_CONVERSION = YES;
				CLANG_WARN_INFINITE_RECURSION = YES;
				CLANG_WARN_INT_CONVERSION = YES;
				CLANG_WARN_NON_LITERAL_NULL_CONVERSION = YES;
				CLANG_WARN_OBJC_IMPLICIT_RETAIN_SELF = YES;
				CLANG_WARN_OBJC_LITERAL_CONVERSION = YES;
				CLANG_WARN_OBJC_ROOT_CLASS = YES_ERROR;
				CLANG_WARN_QUOTED_INCLUDE_IN_FRAMEWORK_HEADER = YES;
				CLANG_WARN_RANGE_LOOP_ANALYSIS = YES;
				CLANG_WARN_STRICT_PROTOTYPES = YES;
				CLANG_WARN_SUSPICIOUS_MOVE = YES;
				CLANG_WARN_UNGUARDED_AVAILABILITY = YES_AGGRESSIVE;
				CLANG_WARN_UNREACHABLE_CODE = YES;
				CLANG_WARN__DUPLICATE_METHOD_MATCH = YES;
				COPY_PHASE_STRIP = NO;
				DEBUG_INFORMATION_FORMAT = dwarf;
				ENABLE_STRICT_OBJC_MSGSEND = YES;
				ENABLE_TESTABILITY = YES;
				GCC_C_LANGUAGE_STANDARD = gnu11;
				GCC_DYNAMIC_NO_PIC = NO;
				GCC_NO_COMMON_BLOCKS = YES;
				GCC_OPTIMIZATION_LEVEL = 0;
				GCC_PREPROCESSOR_DEFINITIONS = (
					"DEBUG=1",
					"$(inherited)",
				);
				GCC_WARN_64_TO_32_BIT_CONVERSION = YES;
				GCC_WARN_ABOUT_RETURN_TYPE = YES_ERROR;
				GCC_WARN_UNDECLARED_SELECTOR = YES;
				GCC_WARN_UNINITIALIZED_AUTOS = YES_AGGRESSIVE;
				GCC_WARN_UNUSED_FUNCTION = YES;
				GCC_WARN_UNUSED_VARIABLE = YES;
				IPHONEOS_DEPLOYMENT_TARGET = 14.0;
				MTL_ENABLE_DEBUG_INFO = INCLUDE_SOURCE;
				MTL_FAST_MATH = YES;
				ONLY_ACTIVE_ARCH = YES;
				SDKROOT = iphoneos;
				SWIFT_ACTIVE_COMPILATION_CONDITIONS = DEBUG;
				SWIFT_OPTIMIZATION_LEVEL = "-Onone";
			};
			name = Debug;
		};
		83250FC8253F413400D4D3A9 /* Release */ = {
			isa = XCBuildConfiguration;
			buildSettings = {
				ALWAYS_SEARCH_USER_PATHS = NO;
				CLANG_ANALYZER_NONNULL = YES;
				CLANG_ANALYZER_NUMBER_OBJECT_CONVERSION = YES_AGGRESSIVE;
				CLANG_CXX_LANGUAGE_STANDARD = "gnu++14";
				CLANG_CXX_LIBRARY = "libc++";
				CLANG_ENABLE_MODULES = YES;
				CLANG_ENABLE_OBJC_ARC = YES;
				CLANG_ENABLE_OBJC_WEAK = YES;
				CLANG_WARN_BLOCK_CAPTURE_AUTORELEASING = YES;
				CLANG_WARN_BOOL_CONVERSION = YES;
				CLANG_WARN_COMMA = YES;
				CLANG_WARN_CONSTANT_CONVERSION = YES;
				CLANG_WARN_DEPRECATED_OBJC_IMPLEMENTATIONS = YES;
				CLANG_WARN_DIRECT_OBJC_ISA_USAGE = YES_ERROR;
				CLANG_WARN_DOCUMENTATION_COMMENTS = YES;
				CLANG_WARN_EMPTY_BODY = YES;
				CLANG_WARN_ENUM_CONVERSION = YES;
				CLANG_WARN_INFINITE_RECURSION = YES;
				CLANG_WARN_INT_CONVERSION = YES;
				CLANG_WARN_NON_LITERAL_NULL_CONVERSION = YES;
				CLANG_WARN_OBJC_IMPLICIT_RETAIN_SELF = YES;
				CLANG_WARN_OBJC_LITERAL_CONVERSION = YES;
				CLANG_WARN_OBJC_ROOT_CLASS = YES_ERROR;
				CLANG_WARN_QUOTED_INCLUDE_IN_FRAMEWORK_HEADER = YES;
				CLANG_WARN_RANGE_LOOP_ANALYSIS = YES;
				CLANG_WARN_STRICT_PROTOTYPES = YES;
				CLANG_WARN_SUSPICIOUS_MOVE = YES;
				CLANG_WARN_UNGUARDED_AVAILABILITY = YES_AGGRESSIVE;
				CLANG_WARN_UNREACHABLE_CODE = YES;
				CLANG_WARN__DUPLICATE_METHOD_MATCH = YES;
				COPY_PHASE_STRIP = NO;
				DEBUG_INFORMATION_FORMAT = "dwarf-with-dsym";
				ENABLE_NS_ASSERTIONS = NO;
				ENABLE_STRICT_OBJC_MSGSEND = YES;
				GCC_C_LANGUAGE_STANDARD = gnu11;
				GCC_NO_COMMON_BLOCKS = YES;
				GCC_WARN_64_TO_32_BIT_CONVERSION = YES;
				GCC_WARN_ABOUT_RETURN_TYPE = YES_ERROR;
				GCC_WARN_UNDECLARED_SELECTOR = YES;
				GCC_WARN_UNINITIALIZED_AUTOS = YES_AGGRESSIVE;
				GCC_WARN_UNUSED_FUNCTION = YES;
				GCC_WARN_UNUSED_VARIABLE = YES;
				IPHONEOS_DEPLOYMENT_TARGET = 14.0;
				MTL_ENABLE_DEBUG_INFO = NO;
				MTL_FAST_MATH = YES;
				SDKROOT = iphoneos;
				SWIFT_COMPILATION_MODE = wholemodule;
				SWIFT_OPTIMIZATION_LEVEL = "-O";
				VALIDATE_PRODUCT = YES;
			};
			name = Release;
		};
		83250FCA253F413400D4D3A9 /* Debug */ = {
			isa = XCBuildConfiguration;
			buildSettings = {
				ASSETCATALOG_COMPILER_APPICON_NAME = AppIcon;
				ASSETCATALOG_COMPILER_GLOBAL_ACCENT_COLOR_NAME = AccentColor;
				CODE_SIGN_STYLE = Automatic;
				DEVELOPMENT_TEAM = 336XCN5A8W;
				INFOPLIST_FILE = Parstagram/Info.plist;
				LD_RUNPATH_SEARCH_PATHS = (
					"$(inherited)",
					"@executable_path/Frameworks",
				);
				PRODUCT_BUNDLE_IDENTIFIER = KhalidApps.Parstagram;
				PRODUCT_NAME = "$(TARGET_NAME)";
				SWIFT_VERSION = 5.0;
				TARGETED_DEVICE_FAMILY = "1,2";
			};
			name = Debug;
		};
		83250FCB253F413400D4D3A9 /* Release */ = {
			isa = XCBuildConfiguration;
			buildSettings = {
				ASSETCATALOG_COMPILER_APPICON_NAME = AppIcon;
				ASSETCATALOG_COMPILER_GLOBAL_ACCENT_COLOR_NAME = AccentColor;
				CODE_SIGN_STYLE = Automatic;
				DEVELOPMENT_TEAM = 336XCN5A8W;
				INFOPLIST_FILE = Parstagram/Info.plist;
				LD_RUNPATH_SEARCH_PATHS = (
					"$(inherited)",
					"@executable_path/Frameworks",
				);
				PRODUCT_BUNDLE_IDENTIFIER = KhalidApps.Parstagram;
				PRODUCT_NAME = "$(TARGET_NAME)";
				SWIFT_VERSION = 5.0;
				TARGETED_DEVICE_FAMILY = "1,2";
			};
			name = Release;
		};
		83250FCD253F413400D4D3A9 /* Debug */ = {
			isa = XCBuildConfiguration;
			buildSettings = {
				ALWAYS_EMBED_SWIFT_STANDARD_LIBRARIES = YES;
				BUNDLE_LOADER = "$(TEST_HOST)";
				CODE_SIGN_STYLE = Automatic;
				DEVELOPMENT_TEAM = 336XCN5A8W;
				INFOPLIST_FILE = ParstagramTests/Info.plist;
				IPHONEOS_DEPLOYMENT_TARGET = 14.0;
				LD_RUNPATH_SEARCH_PATHS = (
					"$(inherited)",
					"@executable_path/Frameworks",
					"@loader_path/Frameworks",
				);
				PRODUCT_BUNDLE_IDENTIFIER = KhalidApps.ParstagramTests;
				PRODUCT_NAME = "$(TARGET_NAME)";
				SWIFT_VERSION = 5.0;
				TARGETED_DEVICE_FAMILY = "1,2";
				TEST_HOST = "$(BUILT_PRODUCTS_DIR)/Parstagram.app/Parstagram";
			};
			name = Debug;
		};
		83250FCE253F413400D4D3A9 /* Release */ = {
			isa = XCBuildConfiguration;
			buildSettings = {
				ALWAYS_EMBED_SWIFT_STANDARD_LIBRARIES = YES;
				BUNDLE_LOADER = "$(TEST_HOST)";
				CODE_SIGN_STYLE = Automatic;
				DEVELOPMENT_TEAM = 336XCN5A8W;
				INFOPLIST_FILE = ParstagramTests/Info.plist;
				IPHONEOS_DEPLOYMENT_TARGET = 14.0;
				LD_RUNPATH_SEARCH_PATHS = (
					"$(inherited)",
					"@executable_path/Frameworks",
					"@loader_path/Frameworks",
				);
				PRODUCT_BUNDLE_IDENTIFIER = KhalidApps.ParstagramTests;
				PRODUCT_NAME = "$(TARGET_NAME)";
				SWIFT_VERSION = 5.0;
				TARGETED_DEVICE_FAMILY = "1,2";
				TEST_HOST = "$(BUILT_PRODUCTS_DIR)/Parstagram.app/Parstagram";
			};
			name = Release;
		};
		83250FD0253F413400D4D3A9 /* Debug */ = {
			isa = XCBuildConfiguration;
			buildSettings = {
				ALWAYS_EMBED_SWIFT_STANDARD_LIBRARIES = YES;
				CODE_SIGN_STYLE = Automatic;
				DEVELOPMENT_TEAM = 336XCN5A8W;
				INFOPLIST_FILE = ParstagramUITests/Info.plist;
				LD_RUNPATH_SEARCH_PATHS = (
					"$(inherited)",
					"@executable_path/Frameworks",
					"@loader_path/Frameworks",
				);
				PRODUCT_BUNDLE_IDENTIFIER = KhalidApps.ParstagramUITests;
				PRODUCT_NAME = "$(TARGET_NAME)";
				SWIFT_VERSION = 5.0;
				TARGETED_DEVICE_FAMILY = "1,2";
				TEST_TARGET_NAME = Parstagram;
			};
			name = Debug;
		};
		83250FD1253F413400D4D3A9 /* Release */ = {
			isa = XCBuildConfiguration;
			buildSettings = {
				ALWAYS_EMBED_SWIFT_STANDARD_LIBRARIES = YES;
				CODE_SIGN_STYLE = Automatic;
				DEVELOPMENT_TEAM = 336XCN5A8W;
				INFOPLIST_FILE = ParstagramUITests/Info.plist;
				LD_RUNPATH_SEARCH_PATHS = (
					"$(inherited)",
					"@executable_path/Frameworks",
					"@loader_path/Frameworks",
				);
				PRODUCT_BUNDLE_IDENTIFIER = KhalidApps.ParstagramUITests;
				PRODUCT_NAME = "$(TARGET_NAME)";
				SWIFT_VERSION = 5.0;
				TARGETED_DEVICE_FAMILY = "1,2";
				TEST_TARGET_NAME = Parstagram;
			};
			name = Release;
		};
/* End XCBuildConfiguration section */

/* Begin XCConfigurationList section */
		83250F9A253F413000D4D3A9 /* Build configuration list for PBXProject "Parstagram" */ = {
			isa = XCConfigurationList;
			buildConfigurations = (
				83250FC7253F413400D4D3A9 /* Debug */,
				83250FC8253F413400D4D3A9 /* Release */,
			);
			defaultConfigurationIsVisible = 0;
			defaultConfigurationName = Release;
		};
		83250FC9253F413400D4D3A9 /* Build configuration list for PBXNativeTarget "Parstagram" */ = {
			isa = XCConfigurationList;
			buildConfigurations = (
				83250FCA253F413400D4D3A9 /* Debug */,
				83250FCB253F413400D4D3A9 /* Release */,
			);
			defaultConfigurationIsVisible = 0;
			defaultConfigurationName = Release;
		};
		83250FCC253F413400D4D3A9 /* Build configuration list for PBXNativeTarget "ParstagramTests" */ = {
			isa = XCConfigurationList;
			buildConfigurations = (
				83250FCD253F413400D4D3A9 /* Debug */,
				83250FCE253F413400D4D3A9 /* Release */,
			);
			defaultConfigurationIsVisible = 0;
			defaultConfigurationName = Release;
		};
		83250FCF253F413400D4D3A9 /* Build configuration list for PBXNativeTarget "ParstagramUITests" */ = {
			isa = XCConfigurationList;
			buildConfigurations = (
				83250FD0253F413400D4D3A9 /* Debug */,
				83250FD1253F413400D4D3A9 /* Release */,
			);
			defaultConfigurationIsVisible = 0;
			defaultConfigurationName = Release;
		};
/* End XCConfigurationList section */
	};
	rootObject = 83250F97253F413000D4D3A9 /* Project object */;
}
